// !$*UTF8*$!
{
	archiveVersion = 1;
	classes = {
	};
	objectVersion = 50;
	objects = {

/* Begin PBXBuildFile section */
		F5910F262107B16E00C337A2 /* imgui.cpp in Sources */ = {isa = PBXBuildFile; fileRef = F5910F202107B16E00C337A2 /* imgui.cpp */; };
		F5910F272107B16E00C337A2 /* imgui_impl_glfw_gl3.cpp in Sources */ = {isa = PBXBuildFile; fileRef = F5910F222107B16E00C337A2 /* imgui_impl_glfw_gl3.cpp */; };
		F5910F282107B16E00C337A2 /* imgui_demo.cpp in Sources */ = {isa = PBXBuildFile; fileRef = F5910F242107B16E00C337A2 /* imgui_demo.cpp */; };
		F5910F292107B16E00C337A2 /* imgui_draw.cpp in Sources */ = {isa = PBXBuildFile; fileRef = F5910F252107B16E00C337A2 /* imgui_draw.cpp */; };
		F595641A2107953800DE8E56 /* main.cpp in Sources */ = {isa = PBXBuildFile; fileRef = F59564192107953800DE8E56 /* main.cpp */; };
		F59564222107967100DE8E56 /* OpenGL.framework in Frameworks */ = {isa = PBXBuildFile; fileRef = F59564212107967100DE8E56 /* OpenGL.framework */; };
		F59564242107969400DE8E56 /* libGLEW.2.1.0.dylib in Frameworks */ = {isa = PBXBuildFile; fileRef = F59564232107969400DE8E56 /* libGLEW.2.1.0.dylib */; };
		F5956426210796A900DE8E56 /* libglfw.3.2.dylib in Frameworks */ = {isa = PBXBuildFile; fileRef = F5956425210796A900DE8E56 /* libglfw.3.2.dylib */; };
		F5956434210798FC00DE8E56 /* Texture.cpp in Sources */ = {isa = PBXBuildFile; fileRef = F5956427210798FA00DE8E56 /* Texture.cpp */; };
		F5956435210798FC00DE8E56 /* VertexArray.cpp in Sources */ = {isa = PBXBuildFile; fileRef = F5956429210798FA00DE8E56 /* VertexArray.cpp */; };
		F5956436210798FC00DE8E56 /* VertexBuffer.cpp in Sources */ = {isa = PBXBuildFile; fileRef = F595642A210798FA00DE8E56 /* VertexBuffer.cpp */; };
		F5956437210798FC00DE8E56 /* IndexBuffer.cpp in Sources */ = {isa = PBXBuildFile; fileRef = F595642C210798FB00DE8E56 /* IndexBuffer.cpp */; };
		F5956438210798FC00DE8E56 /* Renderer.cpp in Sources */ = {isa = PBXBuildFile; fileRef = F595642E210798FB00DE8E56 /* Renderer.cpp */; };
		F5956439210798FC00DE8E56 /* Shader.cpp in Sources */ = {isa = PBXBuildFile; fileRef = F595642F210798FB00DE8E56 /* Shader.cpp */; };
		F5C1824E2108CCD800AEB75B /* TestClearColor.cpp in Sources */ = {isa = PBXBuildFile; fileRef = F5C1824C2108CCD800AEB75B /* TestClearColor.cpp */; };
		F5C182502108EC9A00AEB75B /* Test.cpp in Sources */ = {isa = PBXBuildFile; fileRef = F5C1824F2108EC9A00AEB75B /* Test.cpp */; };
		F5DA20082107AACA002D73EE /* stb_image.cpp in Sources */ = {isa = PBXBuildFile; fileRef = F5DA20072107AACA002D73EE /* stb_image.cpp */; };
/* End PBXBuildFile section */

/* Begin PBXCopyFilesBuildPhase section */
		F59564142107953800DE8E56 /* CopyFiles */ = {
			isa = PBXCopyFilesBuildPhase;
			buildActionMask = 2147483647;
			dstPath = /usr/share/man/man1/;
			dstSubfolderSpec = 0;
			files = (
			);
			runOnlyForDeploymentPostprocessing = 1;
		};
/* End PBXCopyFilesBuildPhase section */

/* Begin PBXFileReference section */
		F510C3B72107C89E004E5D5C /* examplePicture.png */ = {isa = PBXFileReference; lastKnownFileType = image.png; path = examplePicture.png; sourceTree = "<group>"; };
		F510C3B82107C89E004E5D5C /* examplePicture.jpg */ = {isa = PBXFileReference; lastKnownFileType = image.jpeg; path = examplePicture.jpg; sourceTree = "<group>"; };
		F510C3BA2107D5CC004E5D5C /* basic.h */ = {isa = PBXFileReference; lastKnownFileType = sourcecode.c.h; path = basic.h; sourceTree = "<group>"; };
		F5910F172107AF0D00C337A2 /* glm */ = {isa = PBXFileReference; lastKnownFileType = folder; path = glm; sourceTree = "<group>"; };
		F5910F1B2107B16E00C337A2 /* imgui_impl_glfw_gl3.h */ = {isa = PBXFileReference; fileEncoding = 4; lastKnownFileType = sourcecode.c.h; path = imgui_impl_glfw_gl3.h; sourceTree = "<group>"; };
		F5910F1C2107B16E00C337A2 /* imgui.h */ = {isa = PBXFileReference; fileEncoding = 4; lastKnownFileType = sourcecode.c.h; path = imgui.h; sourceTree = "<group>"; };
		F5910F1D2107B16E00C337A2 /* imconfig.h */ = {isa = PBXFileReference; fileEncoding = 4; lastKnownFileType = sourcecode.c.h; path = imconfig.h; sourceTree = "<group>"; };
		F5910F1E2107B16E00C337A2 /* stb_rect_pack.h */ = {isa = PBXFileReference; fileEncoding = 4; lastKnownFileType = sourcecode.c.h; path = stb_rect_pack.h; sourceTree = "<group>"; };
		F5910F1F2107B16E00C337A2 /* stb_truetype.h */ = {isa = PBXFileReference; fileEncoding = 4; lastKnownFileType = sourcecode.c.h; path = stb_truetype.h; sourceTree = "<group>"; };
		F5910F202107B16E00C337A2 /* imgui.cpp */ = {isa = PBXFileReference; fileEncoding = 4; lastKnownFileType = sourcecode.cpp.cpp; path = imgui.cpp; sourceTree = "<group>"; };
		F5910F212107B16E00C337A2 /* imgui_internal.h */ = {isa = PBXFileReference; fileEncoding = 4; lastKnownFileType = sourcecode.c.h; path = imgui_internal.h; sourceTree = "<group>"; };
		F5910F222107B16E00C337A2 /* imgui_impl_glfw_gl3.cpp */ = {isa = PBXFileReference; fileEncoding = 4; lastKnownFileType = sourcecode.cpp.cpp; path = imgui_impl_glfw_gl3.cpp; sourceTree = "<group>"; };
		F5910F232107B16E00C337A2 /* stb_textedit.h */ = {isa = PBXFileReference; fileEncoding = 4; lastKnownFileType = sourcecode.c.h; path = stb_textedit.h; sourceTree = "<group>"; };
		F5910F242107B16E00C337A2 /* imgui_demo.cpp */ = {isa = PBXFileReference; fileEncoding = 4; lastKnownFileType = sourcecode.cpp.cpp; path = imgui_demo.cpp; sourceTree = "<group>"; };
		F5910F252107B16E00C337A2 /* imgui_draw.cpp */ = {isa = PBXFileReference; fileEncoding = 4; lastKnownFileType = sourcecode.cpp.cpp; path = imgui_draw.cpp; sourceTree = "<group>"; };
		F59564162107953800DE8E56 /* OpenGL_tuts3 */ = {isa = PBXFileReference; explicitFileType = "compiled.mach-o.executable"; includeInIndex = 0; path = OpenGL_tuts3; sourceTree = BUILT_PRODUCTS_DIR; };
		F59564192107953800DE8E56 /* main.cpp */ = {isa = PBXFileReference; lastKnownFileType = sourcecode.cpp.cpp; path = main.cpp; sourceTree = "<group>"; };
		F59564212107967100DE8E56 /* OpenGL.framework */ = {isa = PBXFileReference; lastKnownFileType = wrapper.framework; name = OpenGL.framework; path = System/Library/Frameworks/OpenGL.framework; sourceTree = SDKROOT; };
		F59564232107969400DE8E56 /* libGLEW.2.1.0.dylib */ = {isa = PBXFileReference; lastKnownFileType = "compiled.mach-o.dylib"; name = libGLEW.2.1.0.dylib; path = ../../../../../usr/local/Cellar/glew/2.1.0/lib/libGLEW.2.1.0.dylib; sourceTree = "<group>"; };
		F5956425210796A900DE8E56 /* libglfw.3.2.dylib */ = {isa = PBXFileReference; lastKnownFileType = "compiled.mach-o.dylib"; name = libglfw.3.2.dylib; path = ../../../../../usr/local/Cellar/glfw/3.2.1/lib/libglfw.3.2.dylib; sourceTree = "<group>"; };
		F5956427210798FA00DE8E56 /* Texture.cpp */ = {isa = PBXFileReference; fileEncoding = 4; lastKnownFileType = sourcecode.cpp.cpp; path = Texture.cpp; sourceTree = "<group>"; };
		F5956428210798FA00DE8E56 /* Shader.h */ = {isa = PBXFileReference; fileEncoding = 4; lastKnownFileType = sourcecode.c.h; path = Shader.h; sourceTree = "<group>"; };
		F5956429210798FA00DE8E56 /* VertexArray.cpp */ = {isa = PBXFileReference; fileEncoding = 4; lastKnownFileType = sourcecode.cpp.cpp; path = VertexArray.cpp; sourceTree = "<group>"; };
		F595642A210798FA00DE8E56 /* VertexBuffer.cpp */ = {isa = PBXFileReference; fileEncoding = 4; lastKnownFileType = sourcecode.cpp.cpp; path = VertexBuffer.cpp; sourceTree = "<group>"; };
		F595642B210798FB00DE8E56 /* VertexBufferLayout.h */ = {isa = PBXFileReference; fileEncoding = 4; lastKnownFileType = sourcecode.c.h; path = VertexBufferLayout.h; sourceTree = "<group>"; };
		F595642C210798FB00DE8E56 /* IndexBuffer.cpp */ = {isa = PBXFileReference; fileEncoding = 4; lastKnownFileType = sourcecode.cpp.cpp; path = IndexBuffer.cpp; sourceTree = "<group>"; };
		F595642D210798FB00DE8E56 /* VertexArray.h */ = {isa = PBXFileReference; fileEncoding = 4; lastKnownFileType = sourcecode.c.h; path = VertexArray.h; sourceTree = "<group>"; };
		F595642E210798FB00DE8E56 /* Renderer.cpp */ = {isa = PBXFileReference; fileEncoding = 4; lastKnownFileType = sourcecode.cpp.cpp; path = Renderer.cpp; sourceTree = "<group>"; };
		F595642F210798FB00DE8E56 /* Shader.cpp */ = {isa = PBXFileReference; fileEncoding = 4; lastKnownFileType = sourcecode.cpp.cpp; path = Shader.cpp; sourceTree = "<group>"; };
		F5956430210798FB00DE8E56 /* IndexBuffer.h */ = {isa = PBXFileReference; fileEncoding = 4; lastKnownFileType = sourcecode.c.h; path = IndexBuffer.h; sourceTree = "<group>"; };
		F5956431210798FC00DE8E56 /* Texture.h */ = {isa = PBXFileReference; fileEncoding = 4; lastKnownFileType = sourcecode.c.h; path = Texture.h; sourceTree = "<group>"; };
		F5956432210798FC00DE8E56 /* Renderer.h */ = {isa = PBXFileReference; fileEncoding = 4; lastKnownFileType = sourcecode.c.h; path = Renderer.h; sourceTree = "<group>"; };
		F5956433210798FC00DE8E56 /* VertexBuffer.h */ = {isa = PBXFileReference; fileEncoding = 4; lastKnownFileType = sourcecode.c.h; path = VertexBuffer.h; sourceTree = "<group>"; };
		F5C1824B2108CBB300AEB75B /* Test.h */ = {isa = PBXFileReference; lastKnownFileType = sourcecode.c.h; path = Test.h; sourceTree = "<group>"; };
		F5C1824C2108CCD800AEB75B /* TestClearColor.cpp */ = {isa = PBXFileReference; lastKnownFileType = sourcecode.cpp.cpp; path = TestClearColor.cpp; sourceTree = "<group>"; };
		F5C1824D2108CCD800AEB75B /* TestClearColor.h */ = {isa = PBXFileReference; lastKnownFileType = sourcecode.c.h; path = TestClearColor.h; sourceTree = "<group>"; };
		F5C1824F2108EC9A00AEB75B /* Test.cpp */ = {isa = PBXFileReference; lastKnownFileType = sourcecode.cpp.cpp; path = Test.cpp; sourceTree = "<group>"; };
		F5DA20062107AACA002D73EE /* stb_image.h */ = {isa = PBXFileReference; fileEncoding = 4; lastKnownFileType = sourcecode.c.h; path = stb_image.h; sourceTree = "<group>"; };
		F5DA20072107AACA002D73EE /* stb_image.cpp */ = {isa = PBXFileReference; fileEncoding = 4; lastKnownFileType = sourcecode.cpp.cpp; path = stb_image.cpp; sourceTree = "<group>"; };
/* End PBXFileReference section */

/* Begin PBXFrameworksBuildPhase section */
		F59564132107953800DE8E56 /* Frameworks */ = {
			isa = PBXFrameworksBuildPhase;
			buildActionMask = 2147483647;
			files = (
				F5956426210796A900DE8E56 /* libglfw.3.2.dylib in Frameworks */,
				F59564242107969400DE8E56 /* libGLEW.2.1.0.dylib in Frameworks */,
				F59564222107967100DE8E56 /* OpenGL.framework in Frameworks */,
			);
			runOnlyForDeploymentPostprocessing = 0;
		};
/* End PBXFrameworksBuildPhase section */

/* Begin PBXGroup section */
		F510C3B22107C54F004E5D5C /* resources */ = {
			isa = PBXGroup;
			children = (
				F5C1824A2108CB9400AEB75B /* tests */,
				F510C3B62107C89E004E5D5C /* textures */,
				F510C3B42107C596004E5D5C /* shaders */,
			);
			path = resources;
			sourceTree = "<group>";
		};
		F510C3B42107C596004E5D5C /* shaders */ = {
			isa = PBXGroup;
			children = (
				F510C3BA2107D5CC004E5D5C /* basic.h */,
			);
			path = shaders;
			sourceTree = "<group>";
		};
		F510C3B62107C89E004E5D5C /* textures */ = {
			isa = PBXGroup;
			children = (
				F510C3B72107C89E004E5D5C /* examplePicture.png */,
				F510C3B82107C89E004E5D5C /* examplePicture.jpg */,
			);
			path = textures;
			sourceTree = "<group>";
		};
		F5910F1A2107B16E00C337A2 /* imgui */ = {
			isa = PBXGroup;
			children = (
				F5910F1B2107B16E00C337A2 /* imgui_impl_glfw_gl3.h */,
				F5910F1C2107B16E00C337A2 /* imgui.h */,
				F5910F1D2107B16E00C337A2 /* imconfig.h */,
				F5910F1E2107B16E00C337A2 /* stb_rect_pack.h */,
				F5910F1F2107B16E00C337A2 /* stb_truetype.h */,
				F5910F202107B16E00C337A2 /* imgui.cpp */,
				F5910F212107B16E00C337A2 /* imgui_internal.h */,
				F5910F222107B16E00C337A2 /* imgui_impl_glfw_gl3.cpp */,
				F5910F232107B16E00C337A2 /* stb_textedit.h */,
				F5910F242107B16E00C337A2 /* imgui_demo.cpp */,
				F5910F252107B16E00C337A2 /* imgui_draw.cpp */,
			);
			path = imgui;
			sourceTree = "<group>";
		};
		F595640D2107953800DE8E56 = {
			isa = PBXGroup;
			children = (
				F59564182107953800DE8E56 /* OpenGL_tuts3 */,
				F59564172107953800DE8E56 /* Products */,
				F59564202107967100DE8E56 /* Frameworks */,
			);
			sourceTree = "<group>";
		};
		F59564172107953800DE8E56 /* Products */ = {
			isa = PBXGroup;
			children = (
				F59564162107953800DE8E56 /* OpenGL_tuts3 */,
			);
			name = Products;
			sourceTree = "<group>";
		};
		F59564182107953800DE8E56 /* OpenGL_tuts3 */ = {
			isa = PBXGroup;
			children = (
				F510C3B22107C54F004E5D5C /* resources */,
				F5DA20022107AA4C002D73EE /* vendor */,
				F59564192107953800DE8E56 /* main.cpp */,
				F595642E210798FB00DE8E56 /* Renderer.cpp */,
				F5956432210798FC00DE8E56 /* Renderer.h */,
				F595642A210798FA00DE8E56 /* VertexBuffer.cpp */,
				F5956433210798FC00DE8E56 /* VertexBuffer.h */,
				F595642C210798FB00DE8E56 /* IndexBuffer.cpp */,
				F5956430210798FB00DE8E56 /* IndexBuffer.h */,
				F5956429210798FA00DE8E56 /* VertexArray.cpp */,
				F595642D210798FB00DE8E56 /* VertexArray.h */,
				F595642B210798FB00DE8E56 /* VertexBufferLayout.h */,
				F595642F210798FB00DE8E56 /* Shader.cpp */,
				F5956428210798FA00DE8E56 /* Shader.h */,
				F5956427210798FA00DE8E56 /* Texture.cpp */,
				F5956431210798FC00DE8E56 /* Texture.h */,
			);
			path = OpenGL_tuts3;
			sourceTree = "<group>";
		};
		F59564202107967100DE8E56 /* Frameworks */ = {
			isa = PBXGroup;
			children = (
				F5956425210796A900DE8E56 /* libglfw.3.2.dylib */,
				F59564232107969400DE8E56 /* libGLEW.2.1.0.dylib */,
				F59564212107967100DE8E56 /* OpenGL.framework */,
			);
			name = Frameworks;
			sourceTree = "<group>";
		};
		F5C1824A2108CB9400AEB75B /* tests */ = {
			isa = PBXGroup;
			children = (
				F5C1824F2108EC9A00AEB75B /* Test.cpp */,
				F5C1824B2108CBB300AEB75B /* Test.h */,
				F5C1824C2108CCD800AEB75B /* TestClearColor.cpp */,
				F5C1824D2108CCD800AEB75B /* TestClearColor.h */,
			);
			path = tests;
			sourceTree = "<group>";
		};
		F5DA20022107AA4C002D73EE /* vendor */ = {
			isa = PBXGroup;
			children = (
				F5910F1A2107B16E00C337A2 /* imgui */,
				F5910F172107AF0D00C337A2 /* glm */,
				F5DA20052107AACA002D73EE /* stb_image */,
			);
			path = vendor;
			sourceTree = "<group>";
		};
		F5DA20052107AACA002D73EE /* stb_image */ = {
			isa = PBXGroup;
			children = (
				F5DA20062107AACA002D73EE /* stb_image.h */,
				F5DA20072107AACA002D73EE /* stb_image.cpp */,
			);
			path = stb_image;
			sourceTree = "<group>";
		};
/* End PBXGroup section */

/* Begin PBXNativeTarget section */
		F59564152107953800DE8E56 /* OpenGL_tuts3 */ = {
			isa = PBXNativeTarget;
			buildConfigurationList = F595641D2107953800DE8E56 /* Build configuration list for PBXNativeTarget "OpenGL_tuts3" */;
			buildPhases = (
				F59564122107953800DE8E56 /* Sources */,
				F59564132107953800DE8E56 /* Frameworks */,
				F59564142107953800DE8E56 /* CopyFiles */,
			);
			buildRules = (
			);
			dependencies = (
			);
			name = OpenGL_tuts3;
			productName = OpenGL_tuts3;
			productReference = F59564162107953800DE8E56 /* OpenGL_tuts3 */;
			productType = "com.apple.product-type.tool";
		};
/* End PBXNativeTarget section */

/* Begin PBXProject section */
		F595640E2107953800DE8E56 /* Project object */ = {
			isa = PBXProject;
			attributes = {
				LastUpgradeCheck = 0940;
				ORGANIZATIONNAME = wojteksss;
				TargetAttributes = {
					F59564152107953800DE8E56 = {
						CreatedOnToolsVersion = 9.4.1;
					};
				};
			};
			buildConfigurationList = F59564112107953800DE8E56 /* Build configuration list for PBXProject "OpenGL_tuts3" */;
			compatibilityVersion = "Xcode 9.3";
			developmentRegion = en;
			hasScannedForEncodings = 0;
			knownRegions = (
				en,
			);
			mainGroup = F595640D2107953800DE8E56;
			productRefGroup = F59564172107953800DE8E56 /* Products */;
			projectDirPath = "";
			projectRoot = "";
			targets = (
				F59564152107953800DE8E56 /* OpenGL_tuts3 */,
			);
		};
/* End PBXProject section */

/* Begin PBXSourcesBuildPhase section */
		F59564122107953800DE8E56 /* Sources */ = {
			isa = PBXSourcesBuildPhase;
			buildActionMask = 2147483647;
			files = (
				F5956438210798FC00DE8E56 /* Renderer.cpp in Sources */,
				F5DA20082107AACA002D73EE /* stb_image.cpp in Sources */,
				F5956437210798FC00DE8E56 /* IndexBuffer.cpp in Sources */,
				F5C1824E2108CCD800AEB75B /* TestClearColor.cpp in Sources */,
				F5910F292107B16E00C337A2 /* imgui_draw.cpp in Sources */,
				F595641A2107953800DE8E56 /* main.cpp in Sources */,
				F5956436210798FC00DE8E56 /* VertexBuffer.cpp in Sources */,
				F5910F282107B16E00C337A2 /* imgui_demo.cpp in Sources */,
				F5956439210798FC00DE8E56 /* Shader.cpp in Sources */,
				F5C182502108EC9A00AEB75B /* Test.cpp in Sources */,
				F5956435210798FC00DE8E56 /* VertexArray.cpp in Sources */,
				F5956434210798FC00DE8E56 /* Texture.cpp in Sources */,
				F5910F272107B16E00C337A2 /* imgui_impl_glfw_gl3.cpp in Sources */,
				F5910F262107B16E00C337A2 /* imgui.cpp in Sources */,
			);
			runOnlyForDeploymentPostprocessing = 0;
		};
/* End PBXSourcesBuildPhase section */

/* Begin XCBuildConfiguration section */
		F595641B2107953800DE8E56 /* Debug */ = {
			isa = XCBuildConfiguration;
			buildSettings = {
				ALWAYS_SEARCH_USER_PATHS = NO;
				CLANG_ANALYZER_NONNULL = YES;
				CLANG_ANALYZER_NUMBER_OBJECT_CONVERSION = YES_AGGRESSIVE;
				CLANG_CXX_LANGUAGE_STANDARD = "gnu++14";
				CLANG_CXX_LIBRARY = "libc++";
				CLANG_ENABLE_MODULES = YES;
				CLANG_ENABLE_OBJC_ARC = YES;
				CLANG_ENABLE_OBJC_WEAK = YES;
				CLANG_WARN_BLOCK_CAPTURE_AUTORELEASING = YES;
				CLANG_WARN_BOOL_CONVERSION = YES;
				CLANG_WARN_COMMA = YES;
				CLANG_WARN_CONSTANT_CONVERSION = YES;
				CLANG_WARN_DEPRECATED_OBJC_IMPLEMENTATIONS = YES;
				CLANG_WARN_DIRECT_OBJC_ISA_USAGE = YES_ERROR;
				CLANG_WARN_DOCUMENTATION_COMMENTS = YES;
				CLANG_WARN_EMPTY_BODY = YES;
				CLANG_WARN_ENUM_CONVERSION = YES;
				CLANG_WARN_INFINITE_RECURSION = YES;
				CLANG_WARN_INT_CONVERSION = YES;
				CLANG_WARN_NON_LITERAL_NULL_CONVERSION = YES;
				CLANG_WARN_OBJC_IMPLICIT_RETAIN_SELF = YES;
				CLANG_WARN_OBJC_LITERAL_CONVERSION = YES;
				CLANG_WARN_OBJC_ROOT_CLASS = YES_ERROR;
				CLANG_WARN_RANGE_LOOP_ANALYSIS = YES;
				CLANG_WARN_STRICT_PROTOTYPES = YES;
				CLANG_WARN_SUSPICIOUS_MOVE = YES;
				CLANG_WARN_UNGUARDED_AVAILABILITY = YES_AGGRESSIVE;
				CLANG_WARN_UNREACHABLE_CODE = YES;
				CLANG_WARN__DUPLICATE_METHOD_MATCH = YES;
				CODE_SIGN_IDENTITY = "-";
				COPY_PHASE_STRIP = NO;
				DEBUG_INFORMATION_FORMAT = dwarf;
				ENABLE_STRICT_OBJC_MSGSEND = YES;
				ENABLE_TESTABILITY = YES;
				GCC_C_LANGUAGE_STANDARD = gnu11;
				GCC_DYNAMIC_NO_PIC = NO;
				GCC_NO_COMMON_BLOCKS = YES;
				GCC_OPTIMIZATION_LEVEL = 0;
				GCC_PREPROCESSOR_DEFINITIONS = (
					"DEBUG=1",
					"$(inherited)",
					"GLIBCXX_DEBUG=1",
					"GLIBCXXDEBUGPEDANTIC=1",
				);
				GCC_WARN_64_TO_32_BIT_CONVERSION = YES;
				GCC_WARN_ABOUT_RETURN_TYPE = YES_ERROR;
				GCC_WARN_UNDECLARED_SELECTOR = YES;
				GCC_WARN_UNINITIALIZED_AUTOS = YES_AGGRESSIVE;
				GCC_WARN_UNUSED_FUNCTION = YES;
				GCC_WARN_UNUSED_VARIABLE = YES;
				HEADER_SEARCH_PATHS = /usr/local/;
				MACOSX_DEPLOYMENT_TARGET = 10.13;
				MTL_ENABLE_DEBUG_INFO = YES;
				ONLY_ACTIVE_ARCH = YES;
				SDKROOT = macosx;
			};
			name = Debug;
		};
		F595641C2107953800DE8E56 /* Release */ = {
			isa = XCBuildConfiguration;
			buildSettings = {
				ALWAYS_SEARCH_USER_PATHS = NO;
				CLANG_ANALYZER_NONNULL = YES;
				CLANG_ANALYZER_NUMBER_OBJECT_CONVERSION = YES_AGGRESSIVE;
				CLANG_CXX_LANGUAGE_STANDARD = "gnu++14";
				CLANG_CXX_LIBRARY = "libc++";
				CLANG_ENABLE_MODULES = YES;
				CLANG_ENABLE_OBJC_ARC = YES;
				CLANG_ENABLE_OBJC_WEAK = YES;
				CLANG_WARN_BLOCK_CAPTURE_AUTORELEASING = YES;
				CLANG_WARN_BOOL_CONVERSION = YES;
				CLANG_WARN_COMMA = YES;
				CLANG_WARN_CONSTANT_CONVERSION = YES;
				CLANG_WARN_DEPRECATED_OBJC_IMPLEMENTATIONS = YES;
				CLANG_WARN_DIRECT_OBJC_ISA_USAGE = YES_ERROR;
				CLANG_WARN_DOCUMENTATION_COMMENTS = YES;
				CLANG_WARN_EMPTY_BODY = YES;
				CLANG_WARN_ENUM_CONVERSION = YES;
				CLANG_WARN_INFINITE_RECURSION = YES;
				CLANG_WARN_INT_CONVERSION = YES;
				CLANG_WARN_NON_LITERAL_NULL_CONVERSION = YES;
				CLANG_WARN_OBJC_IMPLICIT_RETAIN_SELF = YES;
				CLANG_WARN_OBJC_LITERAL_CONVERSION = YES;
				CLANG_WARN_OBJC_ROOT_CLASS = YES_ERROR;
				CLANG_WARN_RANGE_LOOP_ANALYSIS = YES;
				CLANG_WARN_STRICT_PROTOTYPES = YES;
				CLANG_WARN_SUSPICIOUS_MOVE = YES;
				CLANG_WARN_UNGUARDED_AVAILABILITY = YES_AGGRESSIVE;
				CLANG_WARN_UNREACHABLE_CODE = YES;
				CLANG_WARN__DUPLICATE_METHOD_MATCH = YES;
				CODE_SIGN_IDENTITY = "-";
				COPY_PHASE_STRIP = NO;
				DEBUG_INFORMATION_FORMAT = "dwarf-with-dsym";
				ENABLE_NS_ASSERTIONS = NO;
				ENABLE_STRICT_OBJC_MSGSEND = YES;
				GCC_C_LANGUAGE_STANDARD = gnu11;
				GCC_NO_COMMON_BLOCKS = YES;
				GCC_WARN_64_TO_32_BIT_CONVERSION = YES;
				GCC_WARN_ABOUT_RETURN_TYPE = YES_ERROR;
				GCC_WARN_UNDECLARED_SELECTOR = YES;
				GCC_WARN_UNINITIALIZED_AUTOS = YES_AGGRESSIVE;
				GCC_WARN_UNUSED_FUNCTION = YES;
				GCC_WARN_UNUSED_VARIABLE = YES;
				HEADER_SEARCH_PATHS = /usr/local/;
				MACOSX_DEPLOYMENT_TARGET = 10.13;
				MTL_ENABLE_DEBUG_INFO = NO;
				SDKROOT = macosx;
			};
			name = Release;
		};
		F595641E2107953800DE8E56 /* Debug */ = {
			isa = XCBuildConfiguration;
			buildSettings = {
				CODE_SIGN_STYLE = Automatic;
				GCC_PREPROCESSOR_DEFINITIONS_NOT_USED_IN_PRECOMPS = (
					"GLIBCXX_DEBUG=1",
					"GLIBCXXDEBUGPEDANTIC=1",
				);
				HEADER_SEARCH_PATHS = /usr/local/include;
				LIBRARY_SEARCH_PATHS = (
					"$(inherited)",
					/usr/local/Cellar/glew/2.1.0/lib,
					/usr/local/Cellar/glfw/3.2.1/lib,
				);
				PRODUCT_NAME = "$(TARGET_NAME)";
			};
			name = Debug;
		};
		F595641F2107953800DE8E56 /* Release */ = {
			isa = XCBuildConfiguration;
			buildSettings = {
				CODE_SIGN_STYLE = Automatic;
				GCC_PREPROCESSOR_DEFINITIONS_NOT_USED_IN_PRECOMPS = (
					"GLIBCXX_DEBUG=1",
					"GLIBCXXDEBUGPEDANTIC=1",
				);
				HEADER_SEARCH_PATHS = /usr/local/include;
				LIBRARY_SEARCH_PATHS = (
					"$(inherited)",
					/usr/local/Cellar/glew/2.1.0/lib,
					/usr/local/Cellar/glfw/3.2.1/lib,
				);
				PRODUCT_NAME = "$(TARGET_NAME)";
			};
			name = Release;
		};
/* End XCBuildConfiguration section */

/* Begin XCConfigurationList section */
		F59564112107953800DE8E56 /* Build configuration list for PBXProject "OpenGL_tuts3" */ = {
			isa = XCConfigurationList;
			buildConfigurations = (
				F595641B2107953800DE8E56 /* Debug */,
				F595641C2107953800DE8E56 /* Release */,
			);
			defaultConfigurationIsVisible = 0;
			defaultConfigurationName = Release;
		};
		F595641D2107953800DE8E56 /* Build configuration list for PBXNativeTarget "OpenGL_tuts3" */ = {
			isa = XCConfigurationList;
			buildConfigurations = (
				F595641E2107953800DE8E56 /* Debug */,
				F595641F2107953800DE8E56 /* Release */,
			);
			defaultConfigurationIsVisible = 0;
			defaultConfigurationName = Release;
		};
/* End XCConfigurationList section */
	};
	rootObject = F595640E2107953800DE8E56 /* Project object */;
}
